{
  "lib/forge-std": {
    "rev": "b93cf4bc34ff214c099dc970b153f85ade8c9f66"
  },
  "lib/openzeppelin-contracts": {
    "rev": "acd4ff74de833399287ed6b31b4debf6b2b35527"
  },
  "lib/openzeppelin-contracts-upgradeable": {
    "rev": "3d5fa5c24c411112bab47bec25cfa9ad0af0e6e8"
  },
  "lib/solidity-bytes-utils": {
    "rev": "9505c85a251afc57ecced90a6076f2c661ee2404"
  }
}